<?xml version="1.0" encoding="utf-8"?>
<Project ToolsVersion="4.0" xmlns="http://schemas.microsoft.com/developer/msbuild/2003">
  <ItemGroup>
    <Filter Include="源文件">
      <UniqueIdentifier>{4FC737F1-C7A5-4376-A066-2A32D752A2FF}</UniqueIdentifier>
      <Extensions>cpp;c;cc;cxx;def;odl;idl;hpj;bat;asm;asmx</Extensions>
    </Filter>
    <Filter Include="头文件">
      <UniqueIdentifier>{93995380-89BD-4b04-88EB-625FBE52EBFB}</UniqueIdentifier>
      <Extensions>h;hpp;hxx;hm;inl;inc;xsd</Extensions>
    </Filter>
    <Filter Include="资源文件">
      <UniqueIdentifier>{67DA6AB6-F800-4c08-8B7A-83BB121AAD01}</UniqueIdentifier>
      <Extensions>rc;ico;cur;bmp;dlg;rc2;rct;bin;rgs;gif;jpg;jpeg;jpe;resx;tiff;tif;png;wav;mfcribbon-ms</Extensions>
    </Filter>
  </ItemGroup>
  <ItemGroup>
    <None Include="ReadMe.txt" />
    <None Include="UserImages.bmp">
      <Filter>资源文件</Filter>
    </None>
    <None Include="res\Renger.rc2">
      <Filter>资源文件</Filter>
    </None>
    <None Include="res\RengerDoc.ico">
      <Filter>资源文件</Filter>
    </None>
    <None Include="res\Renger.ico">
      <Filter>资源文件</Filter>
    </None>
    <None Include="res\Toolbar.bmp">
      <Filter>资源文件</Filter>
    </None>
    <None Include="res\Toolbar256.bmp">
      <Filter>资源文件</Filter>
    </None>
    <None Include="opengl\dumb.bmp">
      <Filter>资源文件</Filter>
    </None>
    <None Include="opengl\dumb1.bmp">
      <Filter>资源文件</Filter>
    </None>
    <None Include="opengl\plane.bmp">
      <Filter>资源文件</Filter>
    </None>
    <None Include="opengl\plane1.bmp">
      <Filter>资源文件</Filter>
    </None>
  </ItemGroup>
  <ItemGroup>
    <ClInclude Include="Renger.h">
      <Filter>头文件</Filter>
    </ClInclude>
    <ClInclude Include="stdafx.h">
      <Filter>头文件</Filter>
    </ClInclude>
    <ClInclude Include="targetver.h">
      <Filter>头文件</Filter>
    </ClInclude>
    <ClInclude Include="MainFrm.h">
      <Filter>头文件</Filter>
    </ClInclude>
    <ClInclude Include="RengerDoc.h">
      <Filter>头文件</Filter>
    </ClInclude>
    <ClInclude Include="RengerView.h">
      <Filter>头文件</Filter>
    </ClInclude>
    <ClInclude Include="Resource.h">
      <Filter>头文件</Filter>
    </ClInclude>
    <ClInclude Include="MyOpenGL.h">
      <Filter>头文件</Filter>
    </ClInclude>
    <ClInclude Include="opengl\Camera966.h">
      <Filter>头文件</Filter>
    </ClInclude>
    <ClInclude Include="opengl\Control966.h">
      <Filter>头文件</Filter>
    </ClInclude>
    <ClInclude Include="opengl\Euler966.h">
      <Filter>头文件</Filter>
    </ClInclude>
    <ClInclude Include="opengl\Matrix966.h">
      <Filter>头文件</Filter>
    </ClInclude>
    <ClInclude Include="opengl\Modal966.h">
      <Filter>头文件</Filter>
    </ClInclude>
    <ClInclude Include="opengl\OpenGL.h">
      <Filter>头文件</Filter>
    </ClInclude>
    <ClInclude Include="opengl\Quaternion966.h">
      <Filter>头文件</Filter>
    </ClInclude>
    <ClInclude Include="opengl\Vector966.h">
      <Filter>头文件</Filter>
    </ClInclude>
    <ClInclude Include="CLoad3DS.h">
      <Filter>头文件</Filter>
    </ClInclude>
    <ClInclude Include="ModelLoader.h">
      <Filter>头文件</Filter>
    </ClInclude>
    <ClInclude Include="Scene.h">
      <Filter>头文件</Filter>
    </ClInclude>
  </ItemGroup>
  <ItemGroup>
    <ClCompile Include="Renger.cpp">
      <Filter>源文件</Filter>
    </ClCompile>
    <ClCompile Include="stdafx.cpp">
      <Filter>源文件</Filter>
    </ClCompile>
    <ClCompile Include="MainFrm.cpp">
      <Filter>源文件</Filter>
    </ClCompile>
    <ClCompile Include="RengerDoc.cpp">
      <Filter>源文件</Filter>
    </ClCompile>
    <ClCompile Include="RengerView.cpp">
      <Filter>源文件</Filter>
    </ClCompile>
    <ClCompile Include="MyOpenGL.cpp">
      <Filter>源文件</Filter>
    </ClCompile>
    <ClCompile Include="opengl\Camera966.cpp">
      <Filter>源文件</Filter>
    </ClCompile>
    <ClCompile Include="opengl\Control966.cpp">
      <Filter>源文件</Filter>
    </ClCompile>
    <ClCompile Include="opengl\Euler966.cpp">
      <Filter>源文件</Filter>
    </ClCompile>
    <ClCompile Include="opengl\Matrix966.cpp">
      <Filter>源文件</Filter>
    </ClCompile>
    <ClCompile Include="opengl\Modal966.cpp">
      <Filter>源文件</Filter>
    </ClCompile>
    <ClCompile Include="opengl\OpenGL.cpp">
      <Filter>源文件</Filter>
    </ClCompile>
    <ClCompile Include="opengl\Quaternion966.cpp">
      <Filter>源文件</Filter>
    </ClCompile>
    <ClCompile Include="opengl\Vector966.cpp">
      <Filter>源文件</Filter>
    </ClCompile>
    <ClCompile Include="CLoad3DS.cpp">
      <Filter>源文件</Filter>
    </ClCompile>
    <ClCompile Include="ModelLoader.cpp">
      <Filter>源文件</Filter>
    </ClCompile>
    <ClCompile Include="Scene.cpp">
      <Filter>源文件</Filter>
    </ClCompile>
  </ItemGroup>
  <ItemGroup>
    <ResourceCompile Include="Renger.rc">
      <Filter>资源文件</Filter>
    </ResourceCompile>
  </ItemGroup>
</Project>